
Microsoft Visual Studio Solution File, Format Version 12.00
# Visual Studio Version 16
VisualStudioVersion = 16.0.31424.327
MinimumVisualStudioVersion = 10.0.40219.1
Project("{FAE04EC0-301F-11D3-BF4B-00C04F79EFBC}") = "Hangxing", "Hangxing\Hangxing.csproj", "{213C17ED-B3C9-41A8-8E92-FF0957F251FA}"
EndProject
Project("{FAE04EC0-301F-11D3-BF4B-00C04F79EFBC}") = "FormTools", "FormTools\FormTools.csproj", "{6D7C6FB7-87FF-4FB0-AE6E-732859CA40CE}"
EndProject
Global
	GlobalSection(SolutionConfigurationPlatforms) = preSolution
		Debug|Any CPU = Debug|Any CPU
		Release|Any CPU = Release|Any CPU
	EndGlobalSection
	GlobalSection(ProjectConfigurationPlatforms) = postSolution
		{213C17ED-B3C9-41A8-8E92-FF0957F251FA}.Debug|Any CPU.ActiveCfg = Debug|Any CPU
		{213C17ED-B3C9-41A8-8E92-FF0957F251FA}.Debug|Any CPU.Build.0 = Debug|Any CPU
		{213C17ED-B3C9-41A8-8E92-FF0957F251FA}.Release|Any CPU.ActiveCfg = Release|Any CPU
		{213C17ED-B3C9-41A8-8E92-FF0957F251FA}.Release|Any CPU.Build.0 = Release|Any CPU
		{6D7C6FB7-87FF-4FB0-AE6E-732859CA40CE}.Debug|Any CPU.ActiveCfg = Debug|Any CPU
		{6D7C6FB7-87FF-4FB0-AE6E-732859CA40CE}.Debug|Any CPU.Build.0 = Debug|Any CPU
		{6D7C6FB7-87FF-4FB0-AE6E-732859CA40CE}.Release|Any CPU.ActiveCfg = Release|Any CPU
		{6D7C6FB7-87FF-4FB0-AE6E-732859CA40CE}.Release|Any CPU.Build.0 = Release|Any CPU
	EndGlobalSection
	GlobalSection(SolutionProperties) = preSolution
		HideSolutionNode = FALSE
	EndGlobalSection
	GlobalSection(ExtensibilityGlobals) = postSolution
		SolutionGuid = {2694E60D-BBB5-475D-BBC4-E63148234D3D}
	EndGlobalSection
EndGlobal
